
Microsoft Visual Studio Solution File, Format Version 12.00
# Visual Studio Version 17
VisualStudioVersion = 17.14.36301.6 d17.14
MinimumVisualStudioVersion = 10.0.40219.1
Project("{FAE04EC0-301F-11D3-BF4B-00C04F79EFBC}") = "APICatalogo", "APICatalogo.csproj", "{8B930AD7-EA4E-4A44-9BCB-D96C8A355BFF}"
EndProject
Global
	GlobalSection(SolutionConfigurationPlatforms) = preSolution
		Debug|Any CPU = Debug|Any CPU
		Release|Any CPU = Release|Any CPU
	EndGlobalSection
	GlobalSection(ProjectConfigurationPlatforms) = postSolution
		{8B930AD7-EA4E-4A44-9BCB-D96C8A355BFF}.Debug|Any CPU.ActiveCfg = Debug|Any CPU
		{8B930AD7-EA4E-4A44-9BCB-D96C8A355BFF}.Debug|Any CPU.Build.0 = Debug|Any CPU
		{8B930AD7-EA4E-4A44-9BCB-D96C8A355BFF}.Release|Any CPU.ActiveCfg = Release|Any CPU
		{8B930AD7-EA4E-4A44-9BCB-D96C8A355BFF}.Release|Any CPU.Build.0 = Release|Any CPU
	EndGlobalSection
	GlobalSection(SolutionProperties) = preSolution
		HideSolutionNode = FALSE
	EndGlobalSection
	GlobalSection(ExtensibilityGlobals) = postSolution
		SolutionGuid = {8F1AEAF0-3294-4AF9-931A-A8AD50639A3A}
	EndGlobalSection
EndGlobal
